<?xml version="1.0" encoding="UTF-8" standalone="yes" ?>
<CodeBlocks_project_file>
	<FileVersion major="1" minor="6" />
	<Project>
		<Option title="chess" />
		<Option pch_mode="2" />
		<Option compiler="gcc" />
		<Build>
			<Target title="Debug Win32">
				<Option output="chess" prefix_auto="1" extension_auto="1" />
				<Option object_output="Debug Win32" />
				<Option type="1" />
				<Option compiler="gcc" />
				<Option use_console_runner="0" />
				<Compiler>
					<Add option="-std=c++0x" />
					<Add option="-DWIN32" />
					<Add option="-D_DEBUG" />
				</Compiler>
				<Linker>
					<Add option="-s" />
				</Linker>
			</Target>
			<Target title="Release Win32">
				<Option output="chess" prefix_auto="1" extension_auto="1" />
				<Option object_output="Release Win32" />
				<Option type="1" />
				<Option compiler="gcc" />
				<Option use_console_runner="0" />
				<Compiler>
					<Add option="-std=c++0x" />
					<Add option="-W" />
					<Add option="-DWIN32" />
					<Add option="-DNDEBUG" />
				</Compiler>
				<Linker>
					<Add library="$(NoInherit)" />
				</Linker>
			</Target>
		</Build>
		<Unit filename="Bishop.cpp" />
		<Unit filename="Bishop.h" />
		<Unit filename="Board.cpp" />
		<Unit filename="Board.h" />
		<Unit filename="Chess.cpp" />
		<Unit filename="ChessPieces.h" />
		<Unit filename="ChessRenderer.h" />
		<Unit filename="ChessUtils.cpp" />
		<Unit filename="ChessUtils.h" />
		<Unit filename="ConsoleChessRenderer.cpp" />
		<Unit filename="ConsoleChessRenderer.h" />
		<Unit filename="King.cpp" />
		<Unit filename="King.h" />
		<Unit filename="Knight.cpp" />
		<Unit filename="Knight.h" />
		<Unit filename="Literals.h" />
		<Unit filename="Move.cpp" />
		<Unit filename="Move.h" />
		<Unit filename="Pawn.cpp" />
		<Unit filename="Pawn.h" />
		<Unit filename="Piece.cpp" />
		<Unit filename="Piece.h" />
		<Unit filename="Queen.cpp" />
		<Unit filename="Queen.h" />
		<Unit filename="Rook.cpp" />
		<Unit filename="Rook.h" />
		<Unit filename="chess.h" />
		<Unit filename="game.cpp" />
		<Unit filename="game.h" />
		<Unit filename="main.cpp" />
		<Extensions>
			<code_completion />
			<envvars />
			<debugger />
			<lib_finder disable_auto="1" />
		</Extensions>
	</Project>
</CodeBlocks_project_file>
